{
  "name": "construccion-compilador",
  "lockfileVersion": 2,
  "requires": true,
  "packages": {
    "": {
      "dependencies": {
        "@uiw/codemirror-theme-bespin": "^4.11.4"
      }
    },
    "node_modules/@codemirror/language": {
      "version": "6.2.1",
      "resolved": "https://registry.npmjs.org/@codemirror/language/-/language-6.2.1.tgz",
      "integrity": "sha512-MC3svxuvIj0MRpFlGHxLS6vPyIdbTr2KKPEW46kCoCXw2ktb4NTkpkPBI/lSP/FoNXLCBJ0mrnUi1OoZxtpW1Q==",
      "dependencies": {
        "@codemirror/state": "^6.0.0",
        "@codemirror/view": "^6.0.0",
        "@lezer/common": "^1.0.0",
        "@lezer/highlight": "^1.0.0",
        "@lezer/lr": "^1.0.0",
        "style-mod": "^4.0.0"
      }
    },
    "node_modules/@codemirror/state": {
      "version": "6.1.1",
      "resolved": "https://registry.npmjs.org/@codemirror/state/-/state-6.1.1.tgz",
      "integrity": "sha512-2s+aXsxmAwnR3Rd+JDHPG/1lw0YsA9PEwl7Re88gHJHGfxyfEzKBmsN4rr53RyPIR4lzbbhJX0DCq0WlqlBIRw=="
    },
    "node_modules/@codemirror/view": {
      "version": "6.2.0",
      "resolved": "https://registry.npmjs.org/@codemirror/view/-/view-6.2.0.tgz",
      "integrity": "sha512-3emW1symh+GoteFMBPsltjmF790U/trouLILATh3JodbF/z98HvcQh2g3+H6dfNIHx16uNonsAF4mNzVr1TJNA==",
      "dependencies": {
        "@codemirror/state": "^6.0.0",
        "style-mod": "^4.0.0",
        "w3c-keyname": "^2.2.4"
      }
    },
    "node_modules/@lezer/common": {
      "version": "1.0.0",
      "resolved": "https://registry.npmjs.org/@lezer/common/-/common-1.0.0.tgz",
      "integrity": "sha512-ohydQe+Hb+w4oMDvXzs8uuJd2NoA3D8YDcLiuDsLqH+yflDTPEpgCsWI3/6rH5C3BAedtH1/R51dxENldQceEA=="
    },
    "node_modules/@lezer/highlight": {
      "version": "1.0.0",
      "resolved": "https://registry.npmjs.org/@lezer/highlight/-/highlight-1.0.0.tgz",
      "integrity": "sha512-nsCnNtim90UKsB5YxoX65v3GEIw3iCHw9RM2DtdgkiqAbKh9pCdvi8AWNwkYf10Lu6fxNhXPpkpHbW6mihhvJA==",
      "dependencies": {
        "@lezer/common": "^1.0.0"
      }
    },
    "node_modules/@lezer/lr": {
      "version": "1.2.1",
      "resolved": "https://registry.npmjs.org/@lezer/lr/-/lr-1.2.1.tgz",
      "integrity": "sha512-RpHRs+Q+5tPsXtobSfSeRFRAnTRD0e4bApDvo74O+JiaWq9812x5S8WgftNX67owdaTQXCB5E8XZGALo4Wt77A==",
      "dependencies": {
        "@lezer/common": "^1.0.0"
      }
    },
    "node_modules/@uiw/codemirror-theme-bespin": {
      "version": "4.11.4",
      "resolved": "https://registry.npmjs.org/@uiw/codemirror-theme-bespin/-/codemirror-theme-bespin-4.11.4.tgz",
      "integrity": "sha512-pEYk3eAriJzg6Twy/aJlHw9TwcploVsdA04t1bjOLy/89EOoQdVTC6N8n/CfqTK5rq5lVICh7p8hByYIcUBalQ==",
      "dependencies": {
        "@uiw/codemirror-themes": "4.11.4"
      }
    },
    "node_modules/@uiw/codemirror-themes": {
      "version": "4.11.4",
      "resolved": "https://registry.npmjs.org/@uiw/codemirror-themes/-/codemirror-themes-4.11.4.tgz",
      "integrity": "sha512-tp4wahAuGRhMoKNMk/6lt8nNr21UZ4zhFqdDTZZ4jLc2w4BKTQ23AkublXAM8vMSuYt/LpE+cajuq4/aSYn01w==",
      "dependencies": {
        "@codemirror/language": "^6.0.0",
        "@codemirror/state": "^6.0.0",
        "@codemirror/view": "^6.0.0"
      },
      "peerDependencies": {
        "@codemirror/language": ">=6.0.0",
        "@codemirror/state": ">=6.0.0",
        "@codemirror/view": ">=6.0.0"
      }
    },
    "node_modules/style-mod": {
      "version": "4.0.0",
      "resolved": "https://registry.npmjs.org/style-mod/-/style-mod-4.0.0.tgz",
      "integrity": "sha512-OPhtyEjyyN9x3nhPsu76f52yUGXiZcgvsrFVtvTkyGRQJ0XK+GPc6ov1z+lRpbeabka+MYEQxOYRnt5nF30aMw=="
    },
    "node_modules/w3c-keyname": {
      "version": "2.2.6",
      "resolved": "https://registry.npmjs.org/w3c-keyname/-/w3c-keyname-2.2.6.tgz",
      "integrity": "sha512-f+fciywl1SJEniZHD6H+kUO8gOnwIr7f4ijKA6+ZvJFjeGi1r4PDLl53Ayud9O/rk64RqgoQine0feoeOU0kXg=="
    }
  },
  "dependencies": {
    "@codemirror/language": {
      "version": "6.2.1",
      "resolved": "https://registry.npmjs.org/@codemirror/language/-/language-6.2.1.tgz",
      "integrity": "sha512-MC3svxuvIj0MRpFlGHxLS6vPyIdbTr2KKPEW46kCoCXw2ktb4NTkpkPBI/lSP/FoNXLCBJ0mrnUi1OoZxtpW1Q==",
      "requires": {
        "@codemirror/state": "^6.0.0",
        "@codemirror/view": "^6.0.0",
        "@lezer/common": "^1.0.0",
        "@lezer/highlight": "^1.0.0",
        "@lezer/lr": "^1.0.0",
        "style-mod": "^4.0.0"
      }
    },
    "@codemirror/state": {
      "version": "6.1.1",
      "resolved": "https://registry.npmjs.org/@codemirror/state/-/state-6.1.1.tgz",
      "integrity": "sha512-2s+aXsxmAwnR3Rd+JDHPG/1lw0YsA9PEwl7Re88gHJHGfxyfEzKBmsN4rr53RyPIR4lzbbhJX0DCq0WlqlBIRw=="
    },
    "@codemirror/view": {
      "version": "6.2.0",
      "resolved": "https://registry.npmjs.org/@codemirror/view/-/view-6.2.0.tgz",
      "integrity": "sha512-3emW1symh+GoteFMBPsltjmF790U/trouLILATh3JodbF/z98HvcQh2g3+H6dfNIHx16uNonsAF4mNzVr1TJNA==",
      "requires": {
        "@codemirror/state": "^6.0.0",
        "style-mod": "^4.0.0",
        "w3c-keyname": "^2.2.4"
      }
    },
    "@lezer/common": {
      "version": "1.0.0",
      "resolved": "https://registry.npmjs.org/@lezer/common/-/common-1.0.0.tgz",
      "integrity": "sha512-ohydQe+Hb+w4oMDvXzs8uuJd2NoA3D8YDcLiuDsLqH+yflDTPEpgCsWI3/6rH5C3BAedtH1/R51dxENldQceEA=="
    },
    "@lezer/highlight": {
      "version": "1.0.0",
      "resolved": "https://registry.npmjs.org/@lezer/highlight/-/highlight-1.0.0.tgz",
      "integrity": "sha512-nsCnNtim90UKsB5YxoX65v3GEIw3iCHw9RM2DtdgkiqAbKh9pCdvi8AWNwkYf10Lu6fxNhXPpkpHbW6mihhvJA==",
      "requires": {
        "@lezer/common": "^1.0.0"
      }
    },
    "@lezer/lr": {
      "version": "1.2.1",
      "resolved": "https://registry.npmjs.org/@lezer/lr/-/lr-1.2.1.tgz",
      "integrity": "sha512-RpHRs+Q+5tPsXtobSfSeRFRAnTRD0e4bApDvo74O+JiaWq9812x5S8WgftNX67owdaTQXCB5E8XZGALo4Wt77A==",
      "requires": {
        "@lezer/common": "^1.0.0"
      }
    },
    "@uiw/codemirror-theme-bespin": {
      "version": "4.11.4",
      "resolved": "https://registry.npmjs.org/@uiw/codemirror-theme-bespin/-/codemirror-theme-bespin-4.11.4.tgz",
      "integrity": "sha512-pEYk3eAriJzg6Twy/aJlHw9TwcploVsdA04t1bjOLy/89EOoQdVTC6N8n/CfqTK5rq5lVICh7p8hByYIcUBalQ==",
      "requires": {
        "@uiw/codemirror-themes": "4.11.4"
      }
    },
    "@uiw/codemirror-themes": {
      "version": "4.11.4",
      "resolved": "https://registry.npmjs.org/@uiw/codemirror-themes/-/codemirror-themes-4.11.4.tgz",
      "integrity": "sha512-tp4wahAuGRhMoKNMk/6lt8nNr21UZ4zhFqdDTZZ4jLc2w4BKTQ23AkublXAM8vMSuYt/LpE+cajuq4/aSYn01w==",
      "requires": {
        "@codemirror/language": "^6.0.0",
        "@codemirror/state": "^6.0.0",
        "@codemirror/view": "^6.0.0"
      }
    },
    "style-mod": {
      "version": "4.0.0",
      "resolved": "https://registry.npmjs.org/style-mod/-/style-mod-4.0.0.tgz",
      "integrity": "sha512-OPhtyEjyyN9x3nhPsu76f52yUGXiZcgvsrFVtvTkyGRQJ0XK+GPc6ov1z+lRpbeabka+MYEQxOYRnt5nF30aMw=="
    },
    "w3c-keyname": {
      "version": "2.2.6",
      "resolved": "https://registry.npmjs.org/w3c-keyname/-/w3c-keyname-2.2.6.tgz",
      "integrity": "sha512-f+fciywl1SJEniZHD6H+kUO8gOnwIr7f4ijKA6+ZvJFjeGi1r4PDLl53Ayud9O/rk64RqgoQine0feoeOU0kXg=="
    }
  }
}
